{
    "_readme": [
        "This file locks the dependencies of your project to a known state",
        "Read more about it at https://getcomposer.org/doc/01-basic-usage.md#composer-lock-the-lock-file",
        "This file is @generated automatically"
    ],
    "content-hash": "066720008fdd8073ac61b6203d54644b",
    "packages": [
        {
            "name": "mhlavac/gearman",
            "version": "0.1.0",
            "source": {
                "type": "git",
                "url": "https://github.com/mhlavac/gearman.git",
                "reference": "037f09d657da03c7d5d3513b299b4f6a310dff8e"
            },
            "dist": {
                "type": "zip",
                "url": "https://api.github.com/repos/mhlavac/gearman/zipball/037f09d657da03c7d5d3513b299b4f6a310dff8e",
                "reference": "037f09d657da03c7d5d3513b299b4f6a310dff8e",
                "shasum": ""
            },
            "require": {
                "php": ">=5.3.0"
            },
            "require-dev": {
                "fabpot/php-cs-fixer": "~1.10",
                "phpunit/phpunit": "~4.0"
            },
            "type": "library",
            "extra": {
                "branch-alias": {
                    "dev-master": "0.1.x-dev"
                }
            },
            "autoload": {
                "psr-4": {
                    "MHlavac\\Gearman\\": "src/"
                }
            },
            "notification-url": "https://packagist.org/downloads/",
            "license": [
                "New BSD"
            ],
            "authors": [
                {
                    "name": "Till Klampaeckel",
                    "homepage": "http://pear.php.net/user/till"
                },
                {
                    "name": "Brian L. Moon",
                    "homepage": "http://pear.php.net/user/brianlmoon"
                },
                {
                    "name": "Joe Stump",
                    "homepage": "http://pear.php.net/user/jstump"
                },
                {
                    "name": "Chris Goffinet",
                    "homepage": "http://pear.php.net/user/lenn0x"
                },
                {
                    "name": "Martin Hlavac",
                    "homepage": "http://www.mhlavac.net"
                }
            ],
            "description": "Gearman (http://www.danga.com/gearman) is a system to farm out work to other machines. It can load balance function calls to lots of machines and allows you to call functions between languages. It can also run all function calls in parallel.",
            "time": "2015-11-02T10:00:34+00:00"
        }
    ],
    "packages-dev": [],
    "aliases": [],
    "minimum-stability": "stable",
    "stability-flags": [],
    "prefer-stable": false,
    "prefer-lowest": false,
    "platform": {
        "php": ">=7.0"
    },
    "platform-dev": []
}
